
Microsoft Visual Studio Solution File, Format Version 12.00
# Visual Studio Version 16
VisualStudioVersion = 16.0.31112.23
MinimumVisualStudioVersion = 10.0.40219.1
Project("{FAE04EC0-301F-11D3-BF4B-00C04F79EFBC}") = "CPMPlugin-DLL", "CPMPlugin-DLL.csproj", "{FC239E13-B268-42E8-8D2E-DB7C137DA1D2}"
EndProject
Global
	GlobalSection(SolutionConfigurationPlatforms) = preSolution
		Debug|Any CPU = Debug|Any CPU
		Release|Any CPU = Release|Any CPU
	EndGlobalSection
	GlobalSection(ProjectConfigurationPlatforms) = postSolution
		{FC239E13-B268-42E8-8D2E-DB7C137DA1D2}.Debug|Any CPU.ActiveCfg = Debug|Any CPU
		{FC239E13-B268-42E8-8D2E-DB7C137DA1D2}.Debug|Any CPU.Build.0 = Debug|Any CPU
		{FC239E13-B268-42E8-8D2E-DB7C137DA1D2}.Release|Any CPU.ActiveCfg = Release|Any CPU
		{FC239E13-B268-42E8-8D2E-DB7C137DA1D2}.Release|Any CPU.Build.0 = Release|Any CPU
	EndGlobalSection
	GlobalSection(SolutionProperties) = preSolution
		HideSolutionNode = FALSE
	EndGlobalSection
	GlobalSection(ExtensibilityGlobals) = postSolution
		SolutionGuid = {B54B0F79-E686-4C62-9056-2515BBAFDD8B}
	EndGlobalSection
EndGlobal
